
Microsoft Visual Studio Solution File, Format Version 12.00
# Visual Studio Version 16
VisualStudioVersion = 16.0.30503.244
MinimumVisualStudioVersion = 10.0.40219.1
Project("{FAE04EC0-301F-11D3-BF4B-00C04F79EFBC}") = "WebApplication2", "WebApplication2\WebApplication2.csproj", "{C86CE00F-C3E9-455D-85DA-0E51B0755868}"
EndProject
Global
	GlobalSection(SolutionConfigurationPlatforms) = preSolution
		Debug|Any CPU = Debug|Any CPU
		Release|Any CPU = Release|Any CPU
	EndGlobalSection
	GlobalSection(ProjectConfigurationPlatforms) = postSolution
		{C86CE00F-C3E9-455D-85DA-0E51B0755868}.Debug|Any CPU.ActiveCfg = Debug|Any CPU
		{C86CE00F-C3E9-455D-85DA-0E51B0755868}.Debug|Any CPU.Build.0 = Debug|Any CPU
		{C86CE00F-C3E9-455D-85DA-0E51B0755868}.Release|Any CPU.ActiveCfg = Release|Any CPU
		{C86CE00F-C3E9-455D-85DA-0E51B0755868}.Release|Any CPU.Build.0 = Release|Any CPU
	EndGlobalSection
	GlobalSection(SolutionProperties) = preSolution
		HideSolutionNode = FALSE
	EndGlobalSection
	GlobalSection(ExtensibilityGlobals) = postSolution
		SolutionGuid = {0C3544B2-7347-4CD0-BA0B-B29B5ED50106}
	EndGlobalSection
EndGlobal
